
Microsoft Visual Studio Solution File, Format Version 12.00
# Visual Studio 15
VisualStudioVersion = 15.0.27004.2002
MinimumVisualStudioVersion = 10.0.40219.1
Project("{FAE04EC0-301F-11D3-BF4B-00C04F79EFBC}") = "TestXamarin.Android", "TestXamarin\TestXamarin.Android\TestXamarin.Android.csproj", "{655F4AA0-A59E-41FC-A916-D1C9F90D6C79}"
EndProject
Project("{FAE04EC0-301F-11D3-BF4B-00C04F79EFBC}") = "TestXamarin", "TestXamarin\TestXamarin\TestXamarin.csproj", "{F4BF3837-67CD-4F42-B424-F8AC0D9DA5F1}"
EndProject
Project("{FAE04EC0-301F-11D3-BF4B-00C04F79EFBC}") = "TestXamarin.iOS", "TestXamarin\TestXamarin.iOS\TestXamarin.iOS.csproj", "{E81926BA-89A2-4CB5-A1EA-D803932DAA70}"
EndProject
Global
	GlobalSection(SolutionConfigurationPlatforms) = preSolution
		Ad-Hoc|Any CPU = Ad-Hoc|Any CPU
		Ad-Hoc|ARM = Ad-Hoc|ARM
		Ad-Hoc|iPhone = Ad-Hoc|iPhone
		Ad-Hoc|iPhoneSimulator = Ad-Hoc|iPhoneSimulator
		Ad-Hoc|x64 = Ad-Hoc|x64
		Ad-Hoc|x86 = Ad-Hoc|x86
		AppStore|Any CPU = AppStore|Any CPU
		AppStore|ARM = AppStore|ARM
		AppStore|iPhone = AppStore|iPhone
		AppStore|iPhoneSimulator = AppStore|iPhoneSimulator
		AppStore|x64 = AppStore|x64
		AppStore|x86 = AppStore|x86
		Debug|Any CPU = Debug|Any CPU
		Debug|ARM = Debug|ARM
		Debug|iPhone = Debug|iPhone
		Debug|iPhoneSimulator = Debug|iPhoneSimulator
		Debug|x64 = Debug|x64
		Debug|x86 = Debug|x86
		Release|Any CPU = Release|Any CPU
		Release|ARM = Release|ARM
		Release|iPhone = Release|iPhone
		Release|iPhoneSimulator = Release|iPhoneSimulator
		Release|x64 = Release|x64
		Release|x86 = Release|x86
	EndGlobalSection
	GlobalSection(ProjectConfigurationPlatforms) = postSolution
		{655F4AA0-A59E-41FC-A916-D1C9F90D6C79}.Ad-Hoc|Any CPU.ActiveCfg = Release|Any CPU
		{655F4AA0-A59E-41FC-A916-D1C9F90D6C79}.Ad-Hoc|Any CPU.Build.0 = Release|Any CPU
		{655F4AA0-A59E-41FC-A916-D1C9F90D6C79}.Ad-Hoc|Any CPU.Deploy.0 = Release|Any CPU
		{655F4AA0-A59E-41FC-A916-D1C9F90D6C79}.Ad-Hoc|ARM.ActiveCfg = Release|Any CPU
		{655F4AA0-A59E-41FC-A916-D1C9F90D6C79}.Ad-Hoc|ARM.Build.0 = Release|Any CPU
		{655F4AA0-A59E-41FC-A916-D1C9F90D6C79}.Ad-Hoc|ARM.Deploy.0 = Release|Any CPU
		{655F4AA0-A59E-41FC-A916-D1C9F90D6C79}.Ad-Hoc|iPhone.ActiveCfg = Release|Any CPU
		{655F4AA0-A59E-41FC-A916-D1C9F90D6C79}.Ad-Hoc|iPhone.Build.0 = Release|Any CPU
		{655F4AA0-A59E-41FC-A916-D1C9F90D6C79}.Ad-Hoc|iPhone.Deploy.0 = Release|Any CPU
		{655F4AA0-A59E-41FC-A916-D1C9F90D6C79}.Ad-Hoc|iPhoneSimulator.ActiveCfg = Release|Any CPU
		{655F4AA0-A59E-41FC-A916-D1C9F90D6C79}.Ad-Hoc|iPhoneSimulator.Build.0 = Release|Any CPU
		{655F4AA0-A59E-41FC-A916-D1C9F90D6C79}.Ad-Hoc|iPhoneSimulator.Deploy.0 = Release|Any CPU
		{655F4AA0-A59E-41FC-A916-D1C9F90D6C79}.Ad-Hoc|x64.ActiveCfg = Release|Any CPU
		{655F4AA0-A59E-41FC-A916-D1C9F90D6C79}.Ad-Hoc|x64.Build.0 = Release|Any CPU
		{655F4AA0-A59E-41FC-A916-D1C9F90D6C79}.Ad-Hoc|x64.Deploy.0 = Release|Any CPU
		{655F4AA0-A59E-41FC-A916-D1C9F90D6C79}.Ad-Hoc|x86.ActiveCfg = Release|Any CPU
		{655F4AA0-A59E-41FC-A916-D1C9F90D6C79}.Ad-Hoc|x86.Build.0 = Release|Any CPU
		{655F4AA0-A59E-41FC-A916-D1C9F90D6C79}.Ad-Hoc|x86.Deploy.0 = Release|Any CPU
		{655F4AA0-A59E-41FC-A916-D1C9F90D6C79}.AppStore|Any CPU.ActiveCfg = Release|Any CPU
		{655F4AA0-A59E-41FC-A916-D1C9F90D6C79}.AppStore|Any CPU.Build.0 = Release|Any CPU
		{655F4AA0-A59E-41FC-A916-D1C9F90D6C79}.AppStore|Any CPU.Deploy.0 = Release|Any CPU
		{655F4AA0-A59E-41FC-A916-D1C9F90D6C79}.AppStore|ARM.ActiveCfg = Release|Any CPU
		{655F4AA0-A59E-41FC-A916-D1C9F90D6C79}.AppStore|ARM.Build.0 = Release|Any CPU
		{655F4AA0-A59E-41FC-A916-D1C9F90D6C79}.AppStore|ARM.Deploy.0 = Release|Any CPU
		{655F4AA0-A59E-41FC-A916-D1C9F90D6C79}.AppStore|iPhone.ActiveCfg = Release|Any CPU
		{655F4AA0-A59E-41FC-A916-D1C9F90D6C79}.AppStore|iPhone.Build.0 = Release|Any CPU
		{655F4AA0-A59E-41FC-A916-D1C9F90D6C79}.AppStore|iPhone.Deploy.0 = Release|Any CPU
		{655F4AA0-A59E-41FC-A916-D1C9F90D6C79}.AppStore|iPhoneSimulator.ActiveCfg = Release|Any CPU
		{655F4AA0-A59E-41FC-A916-D1C9F90D6C79}.AppStore|iPhoneSimulator.Build.0 = Release|Any CPU
		{655F4AA0-A59E-41FC-A916-D1C9F90D6C79}.AppStore|iPhoneSimulator.Deploy.0 = Release|Any CPU
		{655F4AA0-A59E-41FC-A916-D1C9F90D6C79}.AppStore|x64.ActiveCfg = Release|Any CPU
		{655F4AA0-A59E-41FC-A916-D1C9F90D6C79}.AppStore|x64.Build.0 = Release|Any CPU
		{655F4AA0-A59E-41FC-A916-D1C9F90D6C79}.AppStore|x64.Deploy.0 = Release|Any CPU
		{655F4AA0-A59E-41FC-A916-D1C9F90D6C79}.AppStore|x86.ActiveCfg = Release|Any CPU
		{655F4AA0-A59E-41FC-A916-D1C9F90D6C79}.AppStore|x86.Build.0 = Release|Any CPU
		{655F4AA0-A59E-41FC-A916-D1C9F90D6C79}.AppStore|x86.Deploy.0 = Release|Any CPU
		{655F4AA0-A59E-41FC-A916-D1C9F90D6C79}.Debug|Any CPU.ActiveCfg = Debug|Any CPU
		{655F4AA0-A59E-41FC-A916-D1C9F90D6C79}.Debug|Any CPU.Build.0 = Debug|Any CPU
		{655F4AA0-A59E-41FC-A916-D1C9F90D6C79}.Debug|Any CPU.Deploy.0 = Debug|Any CPU
		{655F4AA0-A59E-41FC-A916-D1C9F90D6C79}.Debug|ARM.ActiveCfg = Debug|Any CPU
		{655F4AA0-A59E-41FC-A916-D1C9F90D6C79}.Debug|ARM.Build.0 = Debug|Any CPU
		{655F4AA0-A59E-41FC-A916-D1C9F90D6C79}.Debug|ARM.Deploy.0 = Debug|Any CPU
		{655F4AA0-A59E-41FC-A916-D1C9F90D6C79}.Debug|iPhone.ActiveCfg = Debug|Any CPU
		{655F4AA0-A59E-41FC-A916-D1C9F90D6C79}.Debug|iPhone.Build.0 = Debug|Any CPU
		{655F4AA0-A59E-41FC-A916-D1C9F90D6C79}.Debug|iPhone.Deploy.0 = Debug|Any CPU
		{655F4AA0-A59E-41FC-A916-D1C9F90D6C79}.Debug|iPhoneSimulator.ActiveCfg = Debug|Any CPU
		{655F4AA0-A59E-41FC-A916-D1C9F90D6C79}.Debug|iPhoneSimulator.Build.0 = Debug|Any CPU
		{655F4AA0-A59E-41FC-A916-D1C9F90D6C79}.Debug|iPhoneSimulator.Deploy.0 = Debug|Any CPU
		{655F4AA0-A59E-41FC-A916-D1C9F90D6C79}.Debug|x64.ActiveCfg = Debug|Any CPU
		{655F4AA0-A59E-41FC-A916-D1C9F90D6C79}.Debug|x64.Build.0 = Debug|Any CPU
		{655F4AA0-A59E-41FC-A916-D1C9F90D6C79}.Debug|x64.Deploy.0 = Debug|Any CPU
		{655F4AA0-A59E-41FC-A916-D1C9F90D6C79}.Debug|x86.ActiveCfg = Debug|Any CPU
		{655F4AA0-A59E-41FC-A916-D1C9F90D6C79}.Debug|x86.Build.0 = Debug|Any CPU
		{655F4AA0-A59E-41FC-A916-D1C9F90D6C79}.Debug|x86.Deploy.0 = Debug|Any CPU
		{655F4AA0-A59E-41FC-A916-D1C9F90D6C79}.Release|Any CPU.ActiveCfg = Release|Any CPU
		{655F4AA0-A59E-41FC-A916-D1C9F90D6C79}.Release|Any CPU.Build.0 = Release|Any CPU
		{655F4AA0-A59E-41FC-A916-D1C9F90D6C79}.Release|Any CPU.Deploy.0 = Release|Any CPU
		{655F4AA0-A59E-41FC-A916-D1C9F90D6C79}.Release|ARM.ActiveCfg = Release|Any CPU
		{655F4AA0-A59E-41FC-A916-D1C9F90D6C79}.Release|ARM.Build.0 = Release|Any CPU
		{655F4AA0-A59E-41FC-A916-D1C9F90D6C79}.Release|ARM.Deploy.0 = Release|Any CPU
		{655F4AA0-A59E-41FC-A916-D1C9F90D6C79}.Release|iPhone.ActiveCfg = Release|Any CPU
		{655F4AA0-A59E-41FC-A916-D1C9F90D6C79}.Release|iPhone.Build.0 = Release|Any CPU
		{655F4AA0-A59E-41FC-A916-D1C9F90D6C79}.Release|iPhone.Deploy.0 = Release|Any CPU
		{655F4AA0-A59E-41FC-A916-D1C9F90D6C79}.Release|iPhoneSimulator.ActiveCfg = Release|Any CPU
		{655F4AA0-A59E-41FC-A916-D1C9F90D6C79}.Release|iPhoneSimulator.Build.0 = Release|Any CPU
		{655F4AA0-A59E-41FC-A916-D1C9F90D6C79}.Release|iPhoneSimulator.Deploy.0 = Release|Any CPU
		{655F4AA0-A59E-41FC-A916-D1C9F90D6C79}.Release|x64.ActiveCfg = Release|Any CPU
		{655F4AA0-A59E-41FC-A916-D1C9F90D6C79}.Release|x64.Build.0 = Release|Any CPU
		{655F4AA0-A59E-41FC-A916-D1C9F90D6C79}.Release|x64.Deploy.0 = Release|Any CPU
		{655F4AA0-A59E-41FC-A916-D1C9F90D6C79}.Release|x86.ActiveCfg = Release|Any CPU
		{655F4AA0-A59E-41FC-A916-D1C9F90D6C79}.Release|x86.Build.0 = Release|Any CPU
		{655F4AA0-A59E-41FC-A916-D1C9F90D6C79}.Release|x86.Deploy.0 = Release|Any CPU
		{F4BF3837-67CD-4F42-B424-F8AC0D9DA5F1}.Ad-Hoc|Any CPU.ActiveCfg = Release|Any CPU
		{F4BF3837-67CD-4F42-B424-F8AC0D9DA5F1}.Ad-Hoc|Any CPU.Build.0 = Release|Any CPU
		{F4BF3837-67CD-4F42-B424-F8AC0D9DA5F1}.Ad-Hoc|ARM.ActiveCfg = Release|Any CPU
		{F4BF3837-67CD-4F42-B424-F8AC0D9DA5F1}.Ad-Hoc|ARM.Build.0 = Release|Any CPU
		{F4BF3837-67CD-4F42-B424-F8AC0D9DA5F1}.Ad-Hoc|iPhone.ActiveCfg = Release|Any CPU
		{F4BF3837-67CD-4F42-B424-F8AC0D9DA5F1}.Ad-Hoc|iPhone.Build.0 = Release|Any CPU
		{F4BF3837-67CD-4F42-B424-F8AC0D9DA5F1}.Ad-Hoc|iPhoneSimulator.ActiveCfg = Release|Any CPU
		{F4BF3837-67CD-4F42-B424-F8AC0D9DA5F1}.Ad-Hoc|iPhoneSimulator.Build.0 = Release|Any CPU
		{F4BF3837-67CD-4F42-B424-F8AC0D9DA5F1}.Ad-Hoc|x64.ActiveCfg = Release|Any CPU
		{F4BF3837-67CD-4F42-B424-F8AC0D9DA5F1}.Ad-Hoc|x64.Build.0 = Release|Any CPU
		{F4BF3837-67CD-4F42-B424-F8AC0D9DA5F1}.Ad-Hoc|x86.ActiveCfg = Release|Any CPU
		{F4BF3837-67CD-4F42-B424-F8AC0D9DA5F1}.Ad-Hoc|x86.Build.0 = Release|Any CPU
		{F4BF3837-67CD-4F42-B424-F8AC0D9DA5F1}.AppStore|Any CPU.ActiveCfg = Release|Any CPU
		{F4BF3837-67CD-4F42-B424-F8AC0D9DA5F1}.AppStore|Any CPU.Build.0 = Release|Any CPU
		{F4BF3837-67CD-4F42-B424-F8AC0D9DA5F1}.AppStore|ARM.ActiveCfg = Release|Any CPU
		{F4BF3837-67CD-4F42-B424-F8AC0D9DA5F1}.AppStore|ARM.Build.0 = Release|Any CPU
		{F4BF3837-67CD-4F42-B424-F8AC0D9DA5F1}.AppStore|iPhone.ActiveCfg = Release|Any CPU
		{F4BF3837-67CD-4F42-B424-F8AC0D9DA5F1}.AppStore|iPhone.Build.0 = Release|Any CPU
		{F4BF3837-67CD-4F42-B424-F8AC0D9DA5F1}.AppStore|iPhoneSimulator.ActiveCfg = Release|Any CPU
		{F4BF3837-67CD-4F42-B424-F8AC0D9DA5F1}.AppStore|iPhoneSimulator.Build.0 = Release|Any CPU
		{F4BF3837-67CD-4F42-B424-F8AC0D9DA5F1}.AppStore|x64.ActiveCfg = Release|Any CPU
		{F4BF3837-67CD-4F42-B424-F8AC0D9DA5F1}.AppStore|x64.Build.0 = Release|Any CPU
		{F4BF3837-67CD-4F42-B424-F8AC0D9DA5F1}.AppStore|x86.ActiveCfg = Release|Any CPU
		{F4BF3837-67CD-4F42-B424-F8AC0D9DA5F1}.AppStore|x86.Build.0 = Release|Any CPU
		{F4BF3837-67CD-4F42-B424-F8AC0D9DA5F1}.Debug|Any CPU.ActiveCfg = Debug|Any CPU
		{F4BF3837-67CD-4F42-B424-F8AC0D9DA5F1}.Debug|Any CPU.Build.0 = Debug|Any CPU
		{F4BF3837-67CD-4F42-B424-F8AC0D9DA5F1}.Debug|ARM.ActiveCfg = Debug|Any CPU
		{F4BF3837-67CD-4F42-B424-F8AC0D9DA5F1}.Debug|ARM.Build.0 = Debug|Any CPU
		{F4BF3837-67CD-4F42-B424-F8AC0D9DA5F1}.Debug|iPhone.ActiveCfg = Debug|Any CPU
		{F4BF3837-67CD-4F42-B424-F8AC0D9DA5F1}.Debug|iPhone.Build.0 = Debug|Any CPU
		{F4BF3837-67CD-4F42-B424-F8AC0D9DA5F1}.Debug|iPhoneSimulator.ActiveCfg = Debug|Any CPU
		{F4BF3837-67CD-4F42-B424-F8AC0D9DA5F1}.Debug|iPhoneSimulator.Build.0 = Debug|Any CPU
		{F4BF3837-67CD-4F42-B424-F8AC0D9DA5F1}.Debug|x64.ActiveCfg = Debug|Any CPU
		{F4BF3837-67CD-4F42-B424-F8AC0D9DA5F1}.Debug|x64.Build.0 = Debug|Any CPU
		{F4BF3837-67CD-4F42-B424-F8AC0D9DA5F1}.Debug|x86.ActiveCfg = Debug|Any CPU
		{F4BF3837-67CD-4F42-B424-F8AC0D9DA5F1}.Debug|x86.Build.0 = Debug|Any CPU
		{F4BF3837-67CD-4F42-B424-F8AC0D9DA5F1}.Release|Any CPU.ActiveCfg = Release|Any CPU
		{F4BF3837-67CD-4F42-B424-F8AC0D9DA5F1}.Release|Any CPU.Build.0 = Release|Any CPU
		{F4BF3837-67CD-4F42-B424-F8AC0D9DA5F1}.Release|ARM.ActiveCfg = Release|Any CPU
		{F4BF3837-67CD-4F42-B424-F8AC0D9DA5F1}.Release|ARM.Build.0 = Release|Any CPU
		{F4BF3837-67CD-4F42-B424-F8AC0D9DA5F1}.Release|iPhone.ActiveCfg = Release|Any CPU
		{F4BF3837-67CD-4F42-B424-F8AC0D9DA5F1}.Release|iPhone.Build.0 = Release|Any CPU
		{F4BF3837-67CD-4F42-B424-F8AC0D9DA5F1}.Release|iPhoneSimulator.ActiveCfg = Release|Any CPU
		{F4BF3837-67CD-4F42-B424-F8AC0D9DA5F1}.Release|iPhoneSimulator.Build.0 = Release|Any CPU
		{F4BF3837-67CD-4F42-B424-F8AC0D9DA5F1}.Release|x64.ActiveCfg = Release|Any CPU
		{F4BF3837-67CD-4F42-B424-F8AC0D9DA5F1}.Release|x64.Build.0 = Release|Any CPU
		{F4BF3837-67CD-4F42-B424-F8AC0D9DA5F1}.Release|x86.ActiveCfg = Release|Any CPU
		{F4BF3837-67CD-4F42-B424-F8AC0D9DA5F1}.Release|x86.Build.0 = Release|Any CPU
		{E81926BA-89A2-4CB5-A1EA-D803932DAA70}.Ad-Hoc|Any CPU.ActiveCfg = Ad-Hoc|iPhoneSimulator
		{E81926BA-89A2-4CB5-A1EA-D803932DAA70}.Ad-Hoc|ARM.ActiveCfg = Ad-Hoc|iPhone
		{E81926BA-89A2-4CB5-A1EA-D803932DAA70}.Ad-Hoc|iPhone.ActiveCfg = Ad-Hoc|iPhone
		{E81926BA-89A2-4CB5-A1EA-D803932DAA70}.Ad-Hoc|iPhone.Build.0 = Ad-Hoc|iPhone
		{E81926BA-89A2-4CB5-A1EA-D803932DAA70}.Ad-Hoc|iPhoneSimulator.ActiveCfg = Ad-Hoc|iPhoneSimulator
		{E81926BA-89A2-4CB5-A1EA-D803932DAA70}.Ad-Hoc|iPhoneSimulator.Build.0 = Ad-Hoc|iPhoneSimulator
		{E81926BA-89A2-4CB5-A1EA-D803932DAA70}.Ad-Hoc|x64.ActiveCfg = Ad-Hoc|iPhone
		{E81926BA-89A2-4CB5-A1EA-D803932DAA70}.Ad-Hoc|x86.ActiveCfg = Ad-Hoc|iPhone
		{E81926BA-89A2-4CB5-A1EA-D803932DAA70}.AppStore|Any CPU.ActiveCfg = AppStore|iPhoneSimulator
		{E81926BA-89A2-4CB5-A1EA-D803932DAA70}.AppStore|ARM.ActiveCfg = AppStore|iPhone
		{E81926BA-89A2-4CB5-A1EA-D803932DAA70}.AppStore|iPhone.ActiveCfg = AppStore|iPhone
		{E81926BA-89A2-4CB5-A1EA-D803932DAA70}.AppStore|iPhone.Build.0 = AppStore|iPhone
		{E81926BA-89A2-4CB5-A1EA-D803932DAA70}.AppStore|iPhoneSimulator.ActiveCfg = AppStore|iPhoneSimulator
		{E81926BA-89A2-4CB5-A1EA-D803932DAA70}.AppStore|iPhoneSimulator.Build.0 = AppStore|iPhoneSimulator
		{E81926BA-89A2-4CB5-A1EA-D803932DAA70}.AppStore|x64.ActiveCfg = AppStore|iPhone
		{E81926BA-89A2-4CB5-A1EA-D803932DAA70}.AppStore|x86.ActiveCfg = AppStore|iPhone
		{E81926BA-89A2-4CB5-A1EA-D803932DAA70}.Debug|Any CPU.ActiveCfg = Debug|iPhoneSimulator
		{E81926BA-89A2-4CB5-A1EA-D803932DAA70}.Debug|ARM.ActiveCfg = Debug|iPhone
		{E81926BA-89A2-4CB5-A1EA-D803932DAA70}.Debug|iPhone.ActiveCfg = Debug|iPhone
		{E81926BA-89A2-4CB5-A1EA-D803932DAA70}.Debug|iPhone.Build.0 = Debug|iPhone
		{E81926BA-89A2-4CB5-A1EA-D803932DAA70}.Debug|iPhoneSimulator.ActiveCfg = Debug|iPhoneSimulator
		{E81926BA-89A2-4CB5-A1EA-D803932DAA70}.Debug|iPhoneSimulator.Build.0 = Debug|iPhoneSimulator
		{E81926BA-89A2-4CB5-A1EA-D803932DAA70}.Debug|x64.ActiveCfg = Debug|iPhone
		{E81926BA-89A2-4CB5-A1EA-D803932DAA70}.Debug|x86.ActiveCfg = Debug|iPhone
		{E81926BA-89A2-4CB5-A1EA-D803932DAA70}.Release|Any CPU.ActiveCfg = Release|iPhoneSimulator
		{E81926BA-89A2-4CB5-A1EA-D803932DAA70}.Release|ARM.ActiveCfg = Release|iPhone
		{E81926BA-89A2-4CB5-A1EA-D803932DAA70}.Release|iPhone.ActiveCfg = Release|iPhone
		{E81926BA-89A2-4CB5-A1EA-D803932DAA70}.Release|iPhone.Build.0 = Release|iPhone
		{E81926BA-89A2-4CB5-A1EA-D803932DAA70}.Release|iPhoneSimulator.ActiveCfg = Release|iPhoneSimulator
		{E81926BA-89A2-4CB5-A1EA-D803932DAA70}.Release|iPhoneSimulator.Build.0 = Release|iPhoneSimulator
		{E81926BA-89A2-4CB5-A1EA-D803932DAA70}.Release|x64.ActiveCfg = Release|iPhone
		{E81926BA-89A2-4CB5-A1EA-D803932DAA70}.Release|x86.ActiveCfg = Release|iPhone
	EndGlobalSection
	GlobalSection(SolutionProperties) = preSolution
		HideSolutionNode = FALSE
	EndGlobalSection
	GlobalSection(ExtensibilityGlobals) = postSolution
		SolutionGuid = {9C6CA595-B8C1-4655-A945-613618CA82F6}
	EndGlobalSection
EndGlobal
